
Microsoft Visual Studio Solution File, Format Version 12.00
# Visual Studio Version 16
VisualStudioVersion = 16.0.29102.190
MinimumVisualStudioVersion = 10.0.40219.1
Project("{FAE04EC0-301F-11D3-BF4B-00C04F79EFBC}") = "ConsoleApp1", "ConsoleApp1\ConsoleApp1.csproj", "{F28C0FB0-42A1-4257-B663-2B9C95C4915C}"
EndProject
Global
	GlobalSection(SolutionConfigurationPlatforms) = preSolution
		Debug|Any CPU = Debug|Any CPU
		Release|Any CPU = Release|Any CPU
	EndGlobalSection
	GlobalSection(ProjectConfigurationPlatforms) = postSolution
		{F28C0FB0-42A1-4257-B663-2B9C95C4915C}.Debug|Any CPU.ActiveCfg = Debug|Any CPU
		{F28C0FB0-42A1-4257-B663-2B9C95C4915C}.Debug|Any CPU.Build.0 = Debug|Any CPU
		{F28C0FB0-42A1-4257-B663-2B9C95C4915C}.Release|Any CPU.ActiveCfg = Release|Any CPU
		{F28C0FB0-42A1-4257-B663-2B9C95C4915C}.Release|Any CPU.Build.0 = Release|Any CPU
	EndGlobalSection
	GlobalSection(SolutionProperties) = preSolution
		HideSolutionNode = FALSE
	EndGlobalSection
	GlobalSection(ExtensibilityGlobals) = postSolution
		SolutionGuid = {479DC33D-4FC3-4ADB-A83A-06F28FBEA670}
	EndGlobalSection
EndGlobal
